
Microsoft Visual Studio Solution File, Format Version 12.00
# Visual Studio 15
Project("{FAE04EC0-301F-11D3-BF4B-00C04F79EFBC}") = "share-kit", "share-kit\share-kit.csproj", "{925F820C-A951-4CBE-AF79-1D41E822A2D0}"
EndProject
Global
	GlobalSection(SolutionConfigurationPlatforms) = preSolution
		Debug|Any CPU = Debug|Any CPU
		Release|Any CPU = Release|Any CPU
	EndGlobalSection
	GlobalSection(ProjectConfigurationPlatforms) = postSolution
		{925F820C-A951-4CBE-AF79-1D41E822A2D0}.Debug|Any CPU.ActiveCfg = Debug|Any CPU
		{925F820C-A951-4CBE-AF79-1D41E822A2D0}.Debug|Any CPU.Build.0 = Debug|Any CPU
		{925F820C-A951-4CBE-AF79-1D41E822A2D0}.Release|Any CPU.ActiveCfg = Release|Any CPU
		{925F820C-A951-4CBE-AF79-1D41E822A2D0}.Release|Any CPU.Build.0 = Release|Any CPU
	EndGlobalSection
EndGlobal
