
Microsoft Visual Studio Solution File, Format Version 12.00
# Visual Studio 15
Project("{FAE04EC0-301F-11D3-BF4B-00C04F79EFBC}") = "sharekit", "sharekit\sharekit.csproj", "{299C1584-1995-44D3-ADCC-A9B23231ACAD}"
EndProject
Global
	GlobalSection(SolutionConfigurationPlatforms) = preSolution
		Debug|Any CPU = Debug|Any CPU
		Release|Any CPU = Release|Any CPU
	EndGlobalSection
	GlobalSection(ProjectConfigurationPlatforms) = postSolution
		{299C1584-1995-44D3-ADCC-A9B23231ACAD}.Debug|Any CPU.ActiveCfg = Debug|Any CPU
		{299C1584-1995-44D3-ADCC-A9B23231ACAD}.Debug|Any CPU.Build.0 = Debug|Any CPU
		{299C1584-1995-44D3-ADCC-A9B23231ACAD}.Release|Any CPU.ActiveCfg = Release|Any CPU
		{299C1584-1995-44D3-ADCC-A9B23231ACAD}.Release|Any CPU.Build.0 = Release|Any CPU
	EndGlobalSection
EndGlobal
